github.com/inconshreveable/mousetrap v1.0.0/go.mod h1:PxqpIevigyE2G7u3NXJIT2ANytuPF1OarO4DADm73n8=
github.com/jaffee/commandeer v0.1.0 h1:UxHHnhKmtz8gAgqu67lYK5tlX5D9A86mGc9AWcEMSWU=
github.com/jaffee/commandeer v0.1.0/go.mod h1:x1WpthEI14PRNcPtVna43ontBxJ1o7plCOsZ8kksl8M=
github.com/jaffee/commandeer v0.1.1-0.20190628211616-bba19d43a70c h1:7gAC8fTRYLhz7L5W4s7XNguPZr1bGvIRdpNRPDUKZ+A=
github.com/jaffee/commandeer v0.1.1-0.20190628211616-bba19d43a70c/go.mod h1:N5yIzoHN6EwVFi0QCKvpFPJeECoZyEcFBQSR8r+7Mz0=
github.com/spf13/cobra v0.0.3/go.mod h1:1l0Ry5zgKvJasoi3XT1TypsSe7PqH0Sj9dhYf7v3XqQ=
github.com/spf13/pflag v1.0.3/go.mod h1:DYY7MBk1bdzusC3SYhjObp+wFpr4gzcvqqNjLnInEg4=
